
Microsoft Visual Studio Solution File, Format Version 12.00
# Visual Studio Version 17
VisualStudioVersion = 17.7.34302.85
MinimumVisualStudioVersion = 10.0.40219.1
Project("{9A19103F-16F7-4668-BE54-9A1E7A4F7556}") = "IoTExampleProject", "IoTExampleProject\IoTExampleProject.csproj", "{B42AA31E-1210-41D4-AA11-C547D4D752ED}"
EndProject
Project("{9A19103F-16F7-4668-BE54-9A1E7A4F7556}") = "IoTDataContextProject", "IoTDataContextProject\IoTDataContextProject.csproj", "{59E0676F-2C97-49B0-AB26-9EF1E3C7D40A}"
EndProject
Global
	GlobalSection(SolutionConfigurationPlatforms) = preSolution
		Debug|Any CPU = Debug|Any CPU
		Release|Any CPU = Release|Any CPU
	EndGlobalSection
	GlobalSection(ProjectConfigurationPlatforms) = postSolution
		{B42AA31E-1210-41D4-AA11-C547D4D752ED}.Debug|Any CPU.ActiveCfg = Debug|Any CPU
		{B42AA31E-1210-41D4-AA11-C547D4D752ED}.Debug|Any CPU.Build.0 = Debug|Any CPU
		{B42AA31E-1210-41D4-AA11-C547D4D752ED}.Release|Any CPU.ActiveCfg = Release|Any CPU
		{B42AA31E-1210-41D4-AA11-C547D4D752ED}.Release|Any CPU.Build.0 = Release|Any CPU
		{59E0676F-2C97-49B0-AB26-9EF1E3C7D40A}.Debug|Any CPU.ActiveCfg = Debug|Any CPU
		{59E0676F-2C97-49B0-AB26-9EF1E3C7D40A}.Debug|Any CPU.Build.0 = Debug|Any CPU
		{59E0676F-2C97-49B0-AB26-9EF1E3C7D40A}.Release|Any CPU.ActiveCfg = Release|Any CPU
		{59E0676F-2C97-49B0-AB26-9EF1E3C7D40A}.Release|Any CPU.Build.0 = Release|Any CPU
	EndGlobalSection
	GlobalSection(SolutionProperties) = preSolution
		HideSolutionNode = FALSE
	EndGlobalSection
	GlobalSection(ExtensibilityGlobals) = postSolution
		SolutionGuid = {AF40DCDE-2421-4347-9465-5F63071E1FEF}
	EndGlobalSection
EndGlobal
